
Microsoft Visual Studio Solution File, Format Version 12.00
# Visual Studio 15
VisualStudioVersion = 15.0.28307.1231
MinimumVisualStudioVersion = 10.0.40219.1
Project("{8BC9CEB8-8B4A-11D0-8D11-00A0C91BC942}") = "src", "src\src.vcxproj", "{41DC619C-4260-4784-A5B8-1E23D38085CE}"
EndProject
Global
	GlobalSection(SolutionConfigurationPlatforms) = preSolution
		Debug|x64 = Debug|x64
		Debug|x86 = Debug|x86
		Release|x64 = Release|x64
		Release|x86 = Release|x86
	EndGlobalSection
	GlobalSection(ProjectConfigurationPlatforms) = postSolution
		{41DC619C-4260-4784-A5B8-1E23D38085CE}.Debug|x64.ActiveCfg = Debug|x64
		{41DC619C-4260-4784-A5B8-1E23D38085CE}.Debug|x64.Build.0 = Debug|x64
		{41DC619C-4260-4784-A5B8-1E23D38085CE}.Debug|x86.ActiveCfg = Debug|Win32
		{41DC619C-4260-4784-A5B8-1E23D38085CE}.Debug|x86.Build.0 = Debug|Win32
		{41DC619C-4260-4784-A5B8-1E23D38085CE}.Release|x64.ActiveCfg = Release|x64
		{41DC619C-4260-4784-A5B8-1E23D38085CE}.Release|x64.Build.0 = Release|x64
		{41DC619C-4260-4784-A5B8-1E23D38085CE}.Release|x86.ActiveCfg = Release|Win32
		{41DC619C-4260-4784-A5B8-1E23D38085CE}.Release|x86.Build.0 = Release|Win32
	EndGlobalSection
	GlobalSection(SolutionProperties) = preSolution
		HideSolutionNode = FALSE
	EndGlobalSection
	GlobalSection(ExtensibilityGlobals) = postSolution
		SolutionGuid = {7218840A-61CE-4152-82A0-67E379E0A219}
	EndGlobalSection
EndGlobal
